
Microsoft Visual Studio Solution File, Format Version 12.00
# Visual Studio 2012
Project("{FAE04EC0-301F-11D3-BF4B-00C04F79EFBC}") = "DaSco.StarterKit", "ServiceStack.StarterKit\DaSco.StarterKit.csproj", "{35FAC354-0A55-4834-B800-DE929B29000F}"
EndProject
Project("{FAE04EC0-301F-11D3-BF4B-00C04F79EFBC}") = "ServiceStack", "E:\Users\dan\Documents\GitHub\ServiceStack-Clone\ServiceStack\src\ServiceStack\ServiceStack.csproj", "{680A1709-25EB-4D52-A87F-EE03FFD94BAA}"
EndProject
Project("{FAE04EC0-301F-11D3-BF4B-00C04F79EFBC}") = "ServiceStack.ServiceInterface", "E:\Users\dan\Documents\GitHub\ServiceStack-Clone\ServiceStack\src\ServiceStack.ServiceInterface\ServiceStack.ServiceInterface.csproj", "{5A315F92-80D2-4C60-A5A4-22E027AC7E7E}"
EndProject
Global
	GlobalSection(SolutionConfigurationPlatforms) = preSolution
		DEBUG MONO|Any CPU = DEBUG MONO|Any CPU
		Debug|Any CPU = Debug|Any CPU
		MONOTOUCH|Any CPU = MONOTOUCH|Any CPU
		Release|Any CPU = Release|Any CPU
		STATIC_ONLY NO_EXPRESSIONS|Any CPU = STATIC_ONLY NO_EXPRESSIONS|Any CPU
	EndGlobalSection
	GlobalSection(ProjectConfigurationPlatforms) = postSolution
		{35FAC354-0A55-4834-B800-DE929B29000F}.DEBUG MONO|Any CPU.ActiveCfg = Debug|Any CPU
		{35FAC354-0A55-4834-B800-DE929B29000F}.DEBUG MONO|Any CPU.Build.0 = Debug|Any CPU
		{35FAC354-0A55-4834-B800-DE929B29000F}.Debug|Any CPU.ActiveCfg = Debug|Any CPU
		{35FAC354-0A55-4834-B800-DE929B29000F}.Debug|Any CPU.Build.0 = Debug|Any CPU
		{35FAC354-0A55-4834-B800-DE929B29000F}.MONOTOUCH|Any CPU.ActiveCfg = Release|Any CPU
		{35FAC354-0A55-4834-B800-DE929B29000F}.MONOTOUCH|Any CPU.Build.0 = Release|Any CPU
		{35FAC354-0A55-4834-B800-DE929B29000F}.Release|Any CPU.ActiveCfg = Release|Any CPU
		{35FAC354-0A55-4834-B800-DE929B29000F}.Release|Any CPU.Build.0 = Release|Any CPU
		{35FAC354-0A55-4834-B800-DE929B29000F}.STATIC_ONLY NO_EXPRESSIONS|Any CPU.ActiveCfg = Release|Any CPU
		{35FAC354-0A55-4834-B800-DE929B29000F}.STATIC_ONLY NO_EXPRESSIONS|Any CPU.Build.0 = Release|Any CPU
		{680A1709-25EB-4D52-A87F-EE03FFD94BAA}.DEBUG MONO|Any CPU.ActiveCfg = DEBUG MONO|Any CPU
		{680A1709-25EB-4D52-A87F-EE03FFD94BAA}.DEBUG MONO|Any CPU.Build.0 = DEBUG MONO|Any CPU
		{680A1709-25EB-4D52-A87F-EE03FFD94BAA}.Debug|Any CPU.ActiveCfg = Debug|Any CPU
		{680A1709-25EB-4D52-A87F-EE03FFD94BAA}.Debug|Any CPU.Build.0 = Debug|Any CPU
		{680A1709-25EB-4D52-A87F-EE03FFD94BAA}.MONOTOUCH|Any CPU.ActiveCfg = MONOTOUCH|Any CPU
		{680A1709-25EB-4D52-A87F-EE03FFD94BAA}.MONOTOUCH|Any CPU.Build.0 = MONOTOUCH|Any CPU
		{680A1709-25EB-4D52-A87F-EE03FFD94BAA}.Release|Any CPU.ActiveCfg = Release|Any CPU
		{680A1709-25EB-4D52-A87F-EE03FFD94BAA}.Release|Any CPU.Build.0 = Release|Any CPU
		{680A1709-25EB-4D52-A87F-EE03FFD94BAA}.STATIC_ONLY NO_EXPRESSIONS|Any CPU.ActiveCfg = MONOTOUCH|Any CPU
		{680A1709-25EB-4D52-A87F-EE03FFD94BAA}.STATIC_ONLY NO_EXPRESSIONS|Any CPU.Build.0 = MONOTOUCH|Any CPU
		{5A315F92-80D2-4C60-A5A4-22E027AC7E7E}.DEBUG MONO|Any CPU.ActiveCfg = Debug|Any CPU
		{5A315F92-80D2-4C60-A5A4-22E027AC7E7E}.DEBUG MONO|Any CPU.Build.0 = Debug|Any CPU
		{5A315F92-80D2-4C60-A5A4-22E027AC7E7E}.Debug|Any CPU.ActiveCfg = Debug|Any CPU
		{5A315F92-80D2-4C60-A5A4-22E027AC7E7E}.Debug|Any CPU.Build.0 = Debug|Any CPU
		{5A315F92-80D2-4C60-A5A4-22E027AC7E7E}.MONOTOUCH|Any CPU.ActiveCfg = MonoTouch|Any CPU
		{5A315F92-80D2-4C60-A5A4-22E027AC7E7E}.MONOTOUCH|Any CPU.Build.0 = MonoTouch|Any CPU
		{5A315F92-80D2-4C60-A5A4-22E027AC7E7E}.Release|Any CPU.ActiveCfg = Release|Any CPU
		{5A315F92-80D2-4C60-A5A4-22E027AC7E7E}.Release|Any CPU.Build.0 = Release|Any CPU
		{5A315F92-80D2-4C60-A5A4-22E027AC7E7E}.STATIC_ONLY NO_EXPRESSIONS|Any CPU.ActiveCfg = STATIC_ONLY NO_EXPRESSIONS|Any CPU
		{5A315F92-80D2-4C60-A5A4-22E027AC7E7E}.STATIC_ONLY NO_EXPRESSIONS|Any CPU.Build.0 = STATIC_ONLY NO_EXPRESSIONS|Any CPU
	EndGlobalSection
	GlobalSection(SolutionProperties) = preSolution
		HideSolutionNode = FALSE
	EndGlobalSection
EndGlobal
