
Microsoft Visual Studio Solution File, Format Version 12.00
# Visual Studio 2012
Project("{FAE04EC0-301F-11D3-BF4B-00C04F79EFBC}") = "DaSco.StarterKit", "ServiceStack.StarterKit\DaSco.StarterKit.csproj", "{35FAC354-0A55-4834-B800-DE929B29000F}"
EndProject
Global
	GlobalSection(SolutionConfigurationPlatforms) = preSolution
		DEBUG MONO|Any CPU = DEBUG MONO|Any CPU
		Debug|Any CPU = Debug|Any CPU
		MONOTOUCH|Any CPU = MONOTOUCH|Any CPU
		Release|Any CPU = Release|Any CPU
		STATIC_ONLY NO_EXPRESSIONS|Any CPU = STATIC_ONLY NO_EXPRESSIONS|Any CPU
	EndGlobalSection
	GlobalSection(ProjectConfigurationPlatforms) = postSolution
		{35FAC354-0A55-4834-B800-DE929B29000F}.DEBUG MONO|Any CPU.ActiveCfg = Debug|Any CPU
		{35FAC354-0A55-4834-B800-DE929B29000F}.DEBUG MONO|Any CPU.Build.0 = Debug|Any CPU
		{35FAC354-0A55-4834-B800-DE929B29000F}.Debug|Any CPU.ActiveCfg = Debug|Any CPU
		{35FAC354-0A55-4834-B800-DE929B29000F}.Debug|Any CPU.Build.0 = Debug|Any CPU
		{35FAC354-0A55-4834-B800-DE929B29000F}.MONOTOUCH|Any CPU.ActiveCfg = Release|Any CPU
		{35FAC354-0A55-4834-B800-DE929B29000F}.MONOTOUCH|Any CPU.Build.0 = Release|Any CPU
		{35FAC354-0A55-4834-B800-DE929B29000F}.Release|Any CPU.ActiveCfg = Release|Any CPU
		{35FAC354-0A55-4834-B800-DE929B29000F}.Release|Any CPU.Build.0 = Release|Any CPU
		{35FAC354-0A55-4834-B800-DE929B29000F}.STATIC_ONLY NO_EXPRESSIONS|Any CPU.ActiveCfg = Release|Any CPU
		{35FAC354-0A55-4834-B800-DE929B29000F}.STATIC_ONLY NO_EXPRESSIONS|Any CPU.Build.0 = Release|Any CPU
	EndGlobalSection
	GlobalSection(SolutionProperties) = preSolution
		HideSolutionNode = FALSE
	EndGlobalSection
EndGlobal
